// !$*UTF8*$!
{
	archiveVersion = 1;
	classes = {
	};
	objectVersion = 56;
	objects = {

/* Begin PBXBuildFile section */
		/* App */
		A1000001001 /* NotchFlowApp.swift in Sources */ = {isa = PBXBuildFile; fileRef = A1000001000 /* NotchFlowApp.swift */; };
		A1000002001 /* AppDelegate.swift in Sources */ = {isa = PBXBuildFile; fileRef = A1000002000 /* AppDelegate.swift */; };

		/* Core */
		A1000003001 /* NotchManager.swift in Sources */ = {isa = PBXBuildFile; fileRef = A1000003000 /* NotchManager.swift */; };
		A1000004001 /* NavigationState.swift in Sources */ = {isa = PBXBuildFile; fileRef = A1000004000 /* NavigationState.swift */; };
		A1000005001 /* SettingsManager.swift in Sources */ = {isa = PBXBuildFile; fileRef = A1000005000 /* SettingsManager.swift */; };

		/* Views */
		A1000006001 /* MainNotchView.swift in Sources */ = {isa = PBXBuildFile; fileRef = A1000006000 /* MainNotchView.swift */; };
		A1000007001 /* ExpandedView.swift in Sources */ = {isa = PBXBuildFile; fileRef = A1000007000 /* ExpandedView.swift */; };
		A1000008001 /* SettingsView.swift in Sources */ = {isa = PBXBuildFile; fileRef = A1000008000 /* SettingsView.swift */; };

		/* FogNote */
		A1000009001 /* NoteModel.swift in Sources */ = {isa = PBXBuildFile; fileRef = A1000009000 /* NoteModel.swift */; };
		A100000A001 /* NoteStorage.swift in Sources */ = {isa = PBXBuildFile; fileRef = A100000A000 /* NoteStorage.swift */; };
		A100000B001 /* FogNoteView.swift in Sources */ = {isa = PBXBuildFile; fileRef = A100000B000 /* FogNoteView.swift */; };

		/* Worktree */
		A100000C001 /* WorktreeModel.swift in Sources */ = {isa = PBXBuildFile; fileRef = A100000C000 /* WorktreeModel.swift */; };
		A100000D001 /* WorktreeScanner.swift in Sources */ = {isa = PBXBuildFile; fileRef = A100000D000 /* WorktreeScanner.swift */; };
		A100000E001 /* WorktreeView.swift in Sources */ = {isa = PBXBuildFile; fileRef = A100000E000 /* WorktreeView.swift */; };

		/* AIConfig */
		A100000F001 /* AIConfigModel.swift in Sources */ = {isa = PBXBuildFile; fileRef = A100000F000 /* AIConfigModel.swift */; };
		A1000010001 /* AIConfigScanner.swift in Sources */ = {isa = PBXBuildFile; fileRef = A1000010000 /* AIConfigScanner.swift */; };
		A1000011001 /* AIConfigView.swift in Sources */ = {isa = PBXBuildFile; fileRef = A1000011000 /* AIConfigView.swift */; };

		/* Resources */
		A1000012001 /* Assets.xcassets in Resources */ = {isa = PBXBuildFile; fileRef = A1000012000 /* Assets.xcassets */; };

		/* Frameworks */
		A1000020001 /* DynamicNotchKit in Frameworks */ = {isa = PBXBuildFile; productRef = A1000020000 /* DynamicNotchKit */; };
/* End PBXBuildFile section */

/* Begin PBXFileReference section */
		A1000000000 /* NotchFlow.app */ = {isa = PBXFileReference; explicitFileType = wrapper.application; includeInIndex = 0; path = NotchFlow.app; sourceTree = BUILT_PRODUCTS_DIR; };

		/* App */
		A1000001000 /* NotchFlowApp.swift */ = {isa = PBXFileReference; lastKnownFileType = sourcecode.swift; path = NotchFlowApp.swift; sourceTree = "<group>"; };
		A1000002000 /* AppDelegate.swift */ = {isa = PBXFileReference; lastKnownFileType = sourcecode.swift; path = AppDelegate.swift; sourceTree = "<group>"; };

		/* Core */
		A1000003000 /* NotchManager.swift */ = {isa = PBXFileReference; lastKnownFileType = sourcecode.swift; path = NotchManager.swift; sourceTree = "<group>"; };
		A1000004000 /* NavigationState.swift */ = {isa = PBXFileReference; lastKnownFileType = sourcecode.swift; path = NavigationState.swift; sourceTree = "<group>"; };
		A1000005000 /* SettingsManager.swift */ = {isa = PBXFileReference; lastKnownFileType = sourcecode.swift; path = SettingsManager.swift; sourceTree = "<group>"; };

		/* Views */
		A1000006000 /* MainNotchView.swift */ = {isa = PBXFileReference; lastKnownFileType = sourcecode.swift; path = MainNotchView.swift; sourceTree = "<group>"; };
		A1000007000 /* ExpandedView.swift */ = {isa = PBXFileReference; lastKnownFileType = sourcecode.swift; path = ExpandedView.swift; sourceTree = "<group>"; };
		A1000008000 /* SettingsView.swift */ = {isa = PBXFileReference; lastKnownFileType = sourcecode.swift; path = SettingsView.swift; sourceTree = "<group>"; };

		/* FogNote */
		A1000009000 /* NoteModel.swift */ = {isa = PBXFileReference; lastKnownFileType = sourcecode.swift; path = NoteModel.swift; sourceTree = "<group>"; };
		A100000A000 /* NoteStorage.swift */ = {isa = PBXFileReference; lastKnownFileType = sourcecode.swift; path = NoteStorage.swift; sourceTree = "<group>"; };
		A100000B000 /* FogNoteView.swift */ = {isa = PBXFileReference; lastKnownFileType = sourcecode.swift; path = FogNoteView.swift; sourceTree = "<group>"; };

		/* Worktree */
		A100000C000 /* WorktreeModel.swift */ = {isa = PBXFileReference; lastKnownFileType = sourcecode.swift; path = WorktreeModel.swift; sourceTree = "<group>"; };
		A100000D000 /* WorktreeScanner.swift */ = {isa = PBXFileReference; lastKnownFileType = sourcecode.swift; path = WorktreeScanner.swift; sourceTree = "<group>"; };
		A100000E000 /* WorktreeView.swift */ = {isa = PBXFileReference; lastKnownFileType = sourcecode.swift; path = WorktreeView.swift; sourceTree = "<group>"; };

		/* AIConfig */
		A100000F000 /* AIConfigModel.swift */ = {isa = PBXFileReference; lastKnownFileType = sourcecode.swift; path = AIConfigModel.swift; sourceTree = "<group>"; };
		A1000010000 /* AIConfigScanner.swift */ = {isa = PBXFileReference; lastKnownFileType = sourcecode.swift; path = AIConfigScanner.swift; sourceTree = "<group>"; };
		A1000011000 /* AIConfigView.swift */ = {isa = PBXFileReference; lastKnownFileType = sourcecode.swift; path = AIConfigView.swift; sourceTree = "<group>"; };

		/* Resources */
		A1000012000 /* Assets.xcassets */ = {isa = PBXFileReference; lastKnownFileType = folder.assetcatalog; path = Assets.xcassets; sourceTree = "<group>"; };
		A1000013000 /* Info.plist */ = {isa = PBXFileReference; lastKnownFileType = text.plist.xml; path = Info.plist; sourceTree = "<group>"; };
		A1000014000 /* NotchFlow.entitlements */ = {isa = PBXFileReference; lastKnownFileType = text.plist.entitlements; path = NotchFlow.entitlements; sourceTree = "<group>"; };
/* End PBXFileReference section */

/* Begin PBXFrameworksBuildPhase section */
		A1000030000 /* Frameworks */ = {
			isa = PBXFrameworksBuildPhase;
			buildActionMask = 2147483647;
			files = (
				A1000020001 /* DynamicNotchKit in Frameworks */,
			);
			runOnlyForDeploymentPostprocessing = 0;
		};
/* End PBXFrameworksBuildPhase section */

/* Begin PBXGroup section */
		A1100000000 = {
			isa = PBXGroup;
			children = (
				A1100001000 /* NotchFlow */,
				A1100002000 /* Products */,
			);
			sourceTree = "<group>";
		};
		A1100001000 /* NotchFlow */ = {
			isa = PBXGroup;
			children = (
				A1100003000 /* App */,
				A1100004000 /* Core */,
				A1100005000 /* Views */,
				A1100006000 /* MiniApps */,
				A1100007000 /* Resources */,
			);
			path = NotchFlow;
			sourceTree = "<group>";
		};
		A1100002000 /* Products */ = {
			isa = PBXGroup;
			children = (
				A1000000000 /* NotchFlow.app */,
			);
			name = Products;
			sourceTree = "<group>";
		};
		A1100003000 /* App */ = {
			isa = PBXGroup;
			children = (
				A1000001000 /* NotchFlowApp.swift */,
				A1000002000 /* AppDelegate.swift */,
			);
			path = App;
			sourceTree = "<group>";
		};
		A1100004000 /* Core */ = {
			isa = PBXGroup;
			children = (
				A1000003000 /* NotchManager.swift */,
				A1000004000 /* NavigationState.swift */,
				A1000005000 /* SettingsManager.swift */,
			);
			path = Core;
			sourceTree = "<group>";
		};
		A1100005000 /* Views */ = {
			isa = PBXGroup;
			children = (
				A1000006000 /* MainNotchView.swift */,
				A1000007000 /* ExpandedView.swift */,
				A1000008000 /* SettingsView.swift */,
			);
			path = Views;
			sourceTree = "<group>";
		};
		A1100006000 /* MiniApps */ = {
			isa = PBXGroup;
			children = (
				A1100008000 /* FogNote */,
				A1100009000 /* Worktree */,
				A110000A000 /* AIConfig */,
			);
			path = MiniApps;
			sourceTree = "<group>";
		};
		A1100007000 /* Resources */ = {
			isa = PBXGroup;
			children = (
				A1000012000 /* Assets.xcassets */,
				A1000013000 /* Info.plist */,
				A1000014000 /* NotchFlow.entitlements */,
			);
			path = Resources;
			sourceTree = "<group>";
		};
		A1100008000 /* FogNote */ = {
			isa = PBXGroup;
			children = (
				A1000009000 /* NoteModel.swift */,
				A100000A000 /* NoteStorage.swift */,
				A100000B000 /* FogNoteView.swift */,
			);
			path = FogNote;
			sourceTree = "<group>";
		};
		A1100009000 /* Worktree */ = {
			isa = PBXGroup;
			children = (
				A100000C000 /* WorktreeModel.swift */,
				A100000D000 /* WorktreeScanner.swift */,
				A100000E000 /* WorktreeView.swift */,
			);
			path = Worktree;
			sourceTree = "<group>";
		};
		A110000A000 /* AIConfig */ = {
			isa = PBXGroup;
			children = (
				A100000F000 /* AIConfigModel.swift */,
				A1000010000 /* AIConfigScanner.swift */,
				A1000011000 /* AIConfigView.swift */,
			);
			path = AIConfig;
			sourceTree = "<group>";
		};
/* End PBXGroup section */

/* Begin PBXNativeTarget section */
		A1200000000 /* NotchFlow */ = {
			isa = PBXNativeTarget;
			buildConfigurationList = A1400000000 /* Build configuration list for PBXNativeTarget "NotchFlow" */;
			buildPhases = (
				A1000040000 /* Sources */,
				A1000030000 /* Frameworks */,
				A1000050000 /* Resources */,
			);
			buildRules = (
			);
			dependencies = (
			);
			name = NotchFlow;
			packageProductDependencies = (
				A1000020000 /* DynamicNotchKit */,
			);
			productName = NotchFlow;
			productReference = A1000000000 /* NotchFlow.app */;
			productType = "com.apple.product-type.application";
		};
/* End PBXNativeTarget section */

/* Begin PBXProject section */
		A1300000000 /* Project object */ = {
			isa = PBXProject;
			attributes = {
				BuildIndependentTargetsInParallel = 1;
				LastSwiftUpdateCheck = 1500;
				LastUpgradeCheck = 1500;
				TargetAttributes = {
					A1200000000 = {
						CreatedOnToolsVersion = 15.0;
					};
				};
			};
			buildConfigurationList = A1400001000 /* Build configuration list for PBXProject "NotchFlow" */;
			compatibilityVersion = "Xcode 14.0";
			developmentRegion = en;
			hasScannedForEncodings = 0;
			knownRegions = (
				en,
				Base,
			);
			mainGroup = A1100000000;
			packageReferences = (
				A1500000000 /* XCRemoteSwiftPackageReference "DynamicNotchKit" */,
			);
			productRefGroup = A1100002000 /* Products */;
			projectDirPath = "";
			projectRoot = "";
			targets = (
				A1200000000 /* NotchFlow */,
			);
		};
/* End PBXProject section */

/* Begin PBXResourcesBuildPhase section */
		A1000050000 /* Resources */ = {
			isa = PBXResourcesBuildPhase;
			buildActionMask = 2147483647;
			files = (
				A1000012001 /* Assets.xcassets in Resources */,
			);
			runOnlyForDeploymentPostprocessing = 0;
		};
/* End PBXResourcesBuildPhase section */

/* Begin PBXSourcesBuildPhase section */
		A1000040000 /* Sources */ = {
			isa = PBXSourcesBuildPhase;
			buildActionMask = 2147483647;
			files = (
				A1000001001 /* NotchFlowApp.swift in Sources */,
				A1000002001 /* AppDelegate.swift in Sources */,
				A1000003001 /* NotchManager.swift in Sources */,
				A1000004001 /* NavigationState.swift in Sources */,
				A1000005001 /* SettingsManager.swift in Sources */,
				A1000006001 /* MainNotchView.swift in Sources */,
				A1000007001 /* ExpandedView.swift in Sources */,
				A1000008001 /* SettingsView.swift in Sources */,
				A1000009001 /* NoteModel.swift in Sources */,
				A100000A001 /* NoteStorage.swift in Sources */,
				A100000B001 /* FogNoteView.swift in Sources */,
				A100000C001 /* WorktreeModel.swift in Sources */,
				A100000D001 /* WorktreeScanner.swift in Sources */,
				A100000E001 /* WorktreeView.swift in Sources */,
				A100000F001 /* AIConfigModel.swift in Sources */,
				A1000010001 /* AIConfigScanner.swift in Sources */,
				A1000011001 /* AIConfigView.swift in Sources */,
			);
			runOnlyForDeploymentPostprocessing = 0;
		};
/* End PBXSourcesBuildPhase section */

/* Begin XCBuildConfiguration section */
		A1600000000 /* Debug */ = {
			isa = XCBuildConfiguration;
			buildSettings = {
				ALWAYS_SEARCH_USER_PATHS = NO;
				ASSETCATALOG_COMPILER_GENERATE_SWIFT_ASSET_SYMBOL_EXTENSIONS = YES;
				CLANG_ANALYZER_NONNULL = YES;
				CLANG_ANALYZER_NUMBER_OBJECT_CONVERSION = YES_AGGRESSIVE;
				CLANG_CXX_LANGUAGE_STANDARD = "gnu++20";
				CLANG_ENABLE_MODULES = YES;
				CLANG_ENABLE_OBJC_ARC = YES;
				CLANG_ENABLE_OBJC_WEAK = YES;
				CLANG_WARN_BLOCK_CAPTURE_AUTORELEASING = YES;
				CLANG_WARN_BOOL_CONVERSION = YES;
				CLANG_WARN_COMMA = YES;
				CLANG_WARN_CONSTANT_CONVERSION = YES;
				CLANG_WARN_DEPRECATED_OBJC_IMPLEMENTATIONS = YES;
				CLANG_WARN_DIRECT_OBJC_ISA_USAGE = YES_ERROR;
				CLANG_WARN_DOCUMENTATION_COMMENTS = YES;
				CLANG_WARN_EMPTY_BODY = YES;
				CLANG_WARN_ENUM_CONVERSION = YES;
				CLANG_WARN_INFINITE_RECURSION = YES;
				CLANG_WARN_INT_CONVERSION = YES;
				CLANG_WARN_NON_LITERAL_NULL_CONVERSION = YES;
				CLANG_WARN_OBJC_IMPLICIT_RETAIN_SELF = YES;
				CLANG_WARN_OBJC_LITERAL_CONVERSION = YES;
				CLANG_WARN_OBJC_ROOT_CLASS = YES_ERROR;
				CLANG_WARN_QUOTED_INCLUDE_IN_FRAMEWORK_HEADER = YES;
				CLANG_WARN_RANGE_LOOP_ANALYSIS = YES;
				CLANG_WARN_STRICT_PROTOTYPES = YES;
				CLANG_WARN_SUSPICIOUS_MOVE = YES;
				CLANG_WARN_UNGUARDED_AVAILABILITY = YES_AGGRESSIVE;
				CLANG_WARN_UNREACHABLE_CODE = YES;
				CLANG_WARN__DUPLICATE_METHOD_MATCH = YES;
				COPY_PHASE_STRIP = NO;
				DEBUG_INFORMATION_FORMAT = dwarf;
				ENABLE_STRICT_OBJC_MSGSEND = YES;
				ENABLE_TESTABILITY = YES;
				ENABLE_USER_SCRIPT_SANDBOXING = YES;
				GCC_C_LANGUAGE_STANDARD = gnu17;
				GCC_DYNAMIC_NO_PIC = NO;
				GCC_NO_COMMON_BLOCKS = YES;
				GCC_OPTIMIZATION_LEVEL = 0;
				GCC_PREPROCESSOR_DEFINITIONS = (
					"DEBUG=1",
					"$(inherited)",
				);
				GCC_WARN_64_TO_32_BIT_CONVERSION = YES;
				GCC_WARN_ABOUT_RETURN_TYPE = YES_ERROR;
				GCC_WARN_UNDECLARED_SELECTOR = YES;
				GCC_WARN_UNINITIALIZED_AUTOS = YES_AGGRESSIVE;
				GCC_WARN_UNUSED_FUNCTION = YES;
				GCC_WARN_UNUSED_VARIABLE = YES;
				LOCALIZATION_PREFERS_STRING_CATALOGS = YES;
				MACOSX_DEPLOYMENT_TARGET = 14.0;
				MTL_ENABLE_DEBUG_INFO = INCLUDE_SOURCE;
				MTL_FAST_MATH = YES;
				ONLY_ACTIVE_ARCH = YES;
				SDKROOT = macosx;
				SWIFT_ACTIVE_COMPILATION_CONDITIONS = "DEBUG $(inherited)";
				SWIFT_OPTIMIZATION_LEVEL = "-Onone";
			};
			name = Debug;
		};
		A1600001000 /* Release */ = {
			isa = XCBuildConfiguration;
			buildSettings = {
				ALWAYS_SEARCH_USER_PATHS = NO;
				ASSETCATALOG_COMPILER_GENERATE_SWIFT_ASSET_SYMBOL_EXTENSIONS = YES;
				CLANG_ANALYZER_NONNULL = YES;
				CLANG_ANALYZER_NUMBER_OBJECT_CONVERSION = YES_AGGRESSIVE;
				CLANG_CXX_LANGUAGE_STANDARD = "gnu++20";
				CLANG_ENABLE_MODULES = YES;
				CLANG_ENABLE_OBJC_ARC = YES;
				CLANG_ENABLE_OBJC_WEAK = YES;
				CLANG_WARN_BLOCK_CAPTURE_AUTORELEASING = YES;
				CLANG_WARN_BOOL_CONVERSION = YES;
				CLANG_WARN_COMMA = YES;
				CLANG_WARN_CONSTANT_CONVERSION = YES;
				CLANG_WARN_DEPRECATED_OBJC_IMPLEMENTATIONS = YES;
				CLANG_WARN_DIRECT_OBJC_ISA_USAGE = YES_ERROR;
				CLANG_WARN_DOCUMENTATION_COMMENTS = YES;
				CLANG_WARN_EMPTY_BODY = YES;
				CLANG_WARN_ENUM_CONVERSION = YES;
				CLANG_WARN_INFINITE_RECURSION = YES;
				CLANG_WARN_INT_CONVERSION = YES;
				CLANG_WARN_NON_LITERAL_NULL_CONVERSION = YES;
				CLANG_WARN_OBJC_IMPLICIT_RETAIN_SELF = YES;
				CLANG_WARN_OBJC_LITERAL_CONVERSION = YES;
				CLANG_WARN_OBJC_ROOT_CLASS = YES_ERROR;
				CLANG_WARN_QUOTED_INCLUDE_IN_FRAMEWORK_HEADER = YES;
				CLANG_WARN_RANGE_LOOP_ANALYSIS = YES;
				CLANG_WARN_STRICT_PROTOTYPES = YES;
				CLANG_WARN_SUSPICIOUS_MOVE = YES;
				CLANG_WARN_UNGUARDED_AVAILABILITY = YES_AGGRESSIVE;
				CLANG_WARN_UNREACHABLE_CODE = YES;
				CLANG_WARN__DUPLICATE_METHOD_MATCH = YES;
				COPY_PHASE_STRIP = NO;
				DEBUG_INFORMATION_FORMAT = "dwarf-with-dsym";
				ENABLE_NS_ASSERTIONS = NO;
				ENABLE_STRICT_OBJC_MSGSEND = YES;
				ENABLE_USER_SCRIPT_SANDBOXING = YES;
				GCC_C_LANGUAGE_STANDARD = gnu17;
				GCC_NO_COMMON_BLOCKS = YES;
				GCC_WARN_64_TO_32_BIT_CONVERSION = YES;
				GCC_WARN_ABOUT_RETURN_TYPE = YES_ERROR;
				GCC_WARN_UNDECLARED_SELECTOR = YES;
				GCC_WARN_UNINITIALIZED_AUTOS = YES_AGGRESSIVE;
				GCC_WARN_UNUSED_FUNCTION = YES;
				GCC_WARN_UNUSED_VARIABLE = YES;
				LOCALIZATION_PREFERS_STRING_CATALOGS = YES;
				MACOSX_DEPLOYMENT_TARGET = 14.0;
				MTL_ENABLE_DEBUG_INFO = NO;
				MTL_FAST_MATH = YES;
				SDKROOT = macosx;
				SWIFT_COMPILATION_MODE = wholemodule;
			};
			name = Release;
		};
		A1600002000 /* Debug */ = {
			isa = XCBuildConfiguration;
			buildSettings = {
				ASSETCATALOG_COMPILER_APPICON_NAME = AppIcon;
				ASSETCATALOG_COMPILER_GLOBAL_ACCENT_COLOR_NAME = AccentColor;
				CODE_SIGN_ENTITLEMENTS = NotchFlow/Resources/NotchFlow.entitlements;
				CODE_SIGN_STYLE = Automatic;
				COMBINE_HIDPI_IMAGES = YES;
				CURRENT_PROJECT_VERSION = 1;
				DEVELOPMENT_TEAM = "";
				ENABLE_HARDENED_RUNTIME = YES;
				GENERATE_INFOPLIST_FILE = YES;
				INFOPLIST_FILE = NotchFlow/Resources/Info.plist;
				INFOPLIST_KEY_CFBundleDisplayName = NotchFlow;
				INFOPLIST_KEY_LSApplicationCategoryType = "public.app-category.developer-tools";
				INFOPLIST_KEY_LSUIElement = YES;
				INFOPLIST_KEY_NSHumanReadableCopyright = "";
				LD_RUNPATH_SEARCH_PATHS = (
					"$(inherited)",
					"@executable_path/../Frameworks",
				);
				MARKETING_VERSION = 1.0;
				PRODUCT_BUNDLE_IDENTIFIER = com.notchflow.app;
				PRODUCT_NAME = "$(TARGET_NAME)";
				SWIFT_EMIT_LOC_STRINGS = YES;
				SWIFT_VERSION = 5.0;
			};
			name = Debug;
		};
		A1600003000 /* Release */ = {
			isa = XCBuildConfiguration;
			buildSettings = {
				ASSETCATALOG_COMPILER_APPICON_NAME = AppIcon;
				ASSETCATALOG_COMPILER_GLOBAL_ACCENT_COLOR_NAME = AccentColor;
				CODE_SIGN_ENTITLEMENTS = NotchFlow/Resources/NotchFlow.entitlements;
				CODE_SIGN_STYLE = Automatic;
				COMBINE_HIDPI_IMAGES = YES;
				CURRENT_PROJECT_VERSION = 1;
				DEVELOPMENT_TEAM = "";
				ENABLE_HARDENED_RUNTIME = YES;
				GENERATE_INFOPLIST_FILE = YES;
				INFOPLIST_FILE = NotchFlow/Resources/Info.plist;
				INFOPLIST_KEY_CFBundleDisplayName = NotchFlow;
				INFOPLIST_KEY_LSApplicationCategoryType = "public.app-category.developer-tools";
				INFOPLIST_KEY_LSUIElement = YES;
				INFOPLIST_KEY_NSHumanReadableCopyright = "";
				LD_RUNPATH_SEARCH_PATHS = (
					"$(inherited)",
					"@executable_path/../Frameworks",
				);
				MARKETING_VERSION = 1.0;
				PRODUCT_BUNDLE_IDENTIFIER = com.notchflow.app;
				PRODUCT_NAME = "$(TARGET_NAME)";
				SWIFT_EMIT_LOC_STRINGS = YES;
				SWIFT_VERSION = 5.0;
			};
			name = Release;
		};
/* End XCBuildConfiguration section */

/* Begin XCConfigurationList section */
		A1400000000 /* Build configuration list for PBXNativeTarget "NotchFlow" */ = {
			isa = XCConfigurationList;
			buildConfigurations = (
				A1600002000 /* Debug */,
				A1600003000 /* Release */,
			);
			defaultConfigurationIsVisible = 0;
			defaultConfigurationName = Release;
		};
		A1400001000 /* Build configuration list for PBXProject "NotchFlow" */ = {
			isa = XCConfigurationList;
			buildConfigurations = (
				A1600000000 /* Debug */,
				A1600001000 /* Release */,
			);
			defaultConfigurationIsVisible = 0;
			defaultConfigurationName = Release;
		};
/* End XCConfigurationList section */

/* Begin XCRemoteSwiftPackageReference section */
		A1500000000 /* XCRemoteSwiftPackageReference "DynamicNotchKit" */ = {
			isa = XCRemoteSwiftPackageReference;
			repositoryURL = "https://github.com/MrKai77/DynamicNotchKit";
			requirement = {
				kind = upToNextMajorVersion;
				minimumVersion = 1.0.0;
			};
		};
/* End XCRemoteSwiftPackageReference section */

/* Begin XCSwiftPackageProductDependency section */
		A1000020000 /* DynamicNotchKit */ = {
			isa = XCSwiftPackageProductDependency;
			package = A1500000000 /* XCRemoteSwiftPackageReference "DynamicNotchKit" */;
			productName = DynamicNotchKit;
		};
/* End XCSwiftPackageProductDependency section */
	};
	rootObject = A1300000000 /* Project object */;
}
